{
  "lockfile_version": "1",
  "packages": {
    "direnv@latest": {
      "last_modified": "2025-10-08T10:03:27Z",
      "resolved": "github:NixOS/nixpkgs/fb5cf53218b987f2703a5bbc292a030c0fe33443#direnv",
      "source": "devbox-search",
      "version": "2.37.1",
      "systems": {
        "aarch64-darwin": {
          "outputs": [
            {
              "name": "out",
              "path": "/nix/store/nhcd49hbxjc1zij734xzak7i1vjf18ir-direnv-2.37.1",
              "default": true
            }
          ],
          "store_path": "/nix/store/nhcd49hbxjc1zij734xzak7i1vjf18ir-direnv-2.37.1"
        },
        "aarch64-linux": {
          "outputs": [
            {
              "name": "out",
              "path": "/nix/store/wjzg4kvxxyi19bmg6fapv9n51lbzbmgg-direnv-2.37.1",
              "default": true
            }
          ],
          "store_path": "/nix/store/wjzg4kvxxyi19bmg6fapv9n51lbzbmgg-direnv-2.37.1"
        },
        "x86_64-darwin": {
          "outputs": [
            {
              "name": "out",
              "path": "/nix/store/i1a9hwwx1z4awixfd6s1zqblscy8dghp-direnv-2.37.1",
              "default": true
            }
          ],
          "store_path": "/nix/store/i1a9hwwx1z4awixfd6s1zqblscy8dghp-direnv-2.37.1"
        },
        "x86_64-linux": {
          "outputs": [
            {
              "name": "out",
              "path": "/nix/store/jrbkdan7rlzm91zq80x2jkymbipc35zp-direnv-2.37.1",
              "default": true
            }
          ],
          "store_path": "/nix/store/jrbkdan7rlzm91zq80x2jkymbipc35zp-direnv-2.37.1"
        }
      }
    },
    "docker-compose@latest": {
      "last_modified": "2025-11-23T21:50:36Z",
      "resolved": "github:NixOS/nixpkgs/ee09932cedcef15aaf476f9343d1dea2cb77e261#docker-compose",
      "source": "devbox-search",
      "version": "2.39.4",
      "systems": {
        "aarch64-darwin": {
          "outputs": [
            {
              "name": "out",
              "path": "/nix/store/3rp2xinsg02p7vza738krxxylf717w97-docker-compose-2.39.4",
              "default": true
            }
          ],
          "store_path": "/nix/store/3rp2xinsg02p7vza738krxxylf717w97-docker-compose-2.39.4"
        },
        "aarch64-linux": {
          "outputs": [
            {
              "name": "out",
              "path": "/nix/store/8hp2cqk76af4anmffsmjnb6icj6m0zgr-docker-compose-2.39.4",
              "default": true
            }
          ],
          "store_path": "/nix/store/8hp2cqk76af4anmffsmjnb6icj6m0zgr-docker-compose-2.39.4"
        },
        "x86_64-darwin": {
          "outputs": [
            {
              "name": "out",
              "path": "/nix/store/h52vwbdldgci9lmnw8jfwhav7hggmb5d-docker-compose-2.39.4",
              "default": true
            }
          ],
          "store_path": "/nix/store/h52vwbdldgci9lmnw8jfwhav7hggmb5d-docker-compose-2.39.4"
        },
        "x86_64-linux": {
          "outputs": [
            {
              "name": "out",
              "path": "/nix/store/jlf2fmqz3kf0i6jyvfffx2qmi2949np8-docker-compose-2.39.4",
              "default": true
            }
          ],
          "store_path": "/nix/store/jlf2fmqz3kf0i6jyvfffx2qmi2949np8-docker-compose-2.39.4"
        }
      }
    },
    "eza@latest": {
      "last_modified": "2025-10-07T08:41:47Z",
      "resolved": "github:NixOS/nixpkgs/bce5fe2bb998488d8e7e7856315f90496723793c#eza",
      "source": "devbox-search",
      "version": "0.23.4",
      "systems": {
        "aarch64-darwin": {
          "outputs": [
            {
              "name": "out",
              "path": "/nix/store/544l1dks3z8cghm8dqjg86g7lppwqx4s-eza-0.23.4",
              "default": true
            },
            {
              "name": "man",
              "path": "/nix/store/x0ihq0rvya253dcd4zrrfhgiiq2wjk6v-eza-0.23.4-man",
              "default": true
            }
          ],
          "store_path": "/nix/store/544l1dks3z8cghm8dqjg86g7lppwqx4s-eza-0.23.4"
        },
        "aarch64-linux": {
          "outputs": [
            {
              "name": "out",
              "path": "/nix/store/ivlzzc2glgnxpyjc6ziqk84sglg616rl-eza-0.23.4",
              "default": true
            },
            {
              "name": "man",
              "path": "/nix/store/nhhkw35g9v3xby4ajll382i97gwl3sqg-eza-0.23.4-man",
              "default": true
            }
          ],
          "store_path": "/nix/store/ivlzzc2glgnxpyjc6ziqk84sglg616rl-eza-0.23.4"
        },
        "x86_64-darwin": {
          "outputs": [
            {
              "name": "out",
              "path": "/nix/store/2q6dwfizp3fpl5l0b74hwb1m43nfpa9g-eza-0.23.4",
              "default": true
            },
            {
              "name": "man",
              "path": "/nix/store/b2lqazam90jd12kapwv01npwc0vqg0n0-eza-0.23.4-man",
              "default": true
            }
          ],
          "store_path": "/nix/store/2q6dwfizp3fpl5l0b74hwb1m43nfpa9g-eza-0.23.4"
        },
        "x86_64-linux": {
          "outputs": [
            {
              "name": "out",
              "path": "/nix/store/wrqnagh5lkbfv3kqmy1llq58vi7chv53-eza-0.23.4",
              "default": true
            },
            {
              "name": "man",
              "path": "/nix/store/7si6ky9s2m0sy290ay85grp6n205357y-eza-0.23.4-man",
              "default": true
            }
          ],
          "store_path": "/nix/store/wrqnagh5lkbfv3kqmy1llq58vi7chv53-eza-0.23.4"
        }
      }
    },
    "gh@latest": {
      "last_modified": "2025-10-07T08:41:47Z",
      "resolved": "github:NixOS/nixpkgs/bce5fe2bb998488d8e7e7856315f90496723793c#gh",
      "source": "devbox-search",
      "version": "2.81.0",
      "systems": {
        "aarch64-darwin": {
          "outputs": [
            {
              "name": "out",
              "path": "/nix/store/cfpld80dq2mnajnnzph7spxbdsza5nz4-gh-2.81.0",
              "default": true
            }
          ],
          "store_path": "/nix/store/cfpld80dq2mnajnnzph7spxbdsza5nz4-gh-2.81.0"
        },
        "aarch64-linux": {
          "outputs": [
            {
              "name": "out",
              "path": "/nix/store/i81xks3b1yypfxjxxzyrnpjlw9nc3kzl-gh-2.81.0",
              "default": true
            }
          ],
          "store_path": "/nix/store/i81xks3b1yypfxjxxzyrnpjlw9nc3kzl-gh-2.81.0"
        },
        "x86_64-darwin": {
          "outputs": [
            {
              "name": "out",
              "path": "/nix/store/r4yfkvig0nkxbps962s5p6dzg3b2l87y-gh-2.81.0",
              "default": true
            }
          ],
          "store_path": "/nix/store/r4yfkvig0nkxbps962s5p6dzg3b2l87y-gh-2.81.0"
        },
        "x86_64-linux": {
          "outputs": [
            {
              "name": "out",
              "path": "/nix/store/x4gwqxx6w677dvk2g7cprsq7i35yp0si-gh-2.81.0",
              "default": true
            }
          ],
          "store_path": "/nix/store/x4gwqxx6w677dvk2g7cprsq7i35yp0si-gh-2.81.0"
        }
      }
    },
    "git@latest": {
      "last_modified": "2025-10-09T02:37:25Z",
      "resolved": "github:NixOS/nixpkgs/2dad7af78a183b6c486702c18af8a9544f298377#git",
      "source": "devbox-search",
      "version": "2.51.0",
      "systems": {
        "aarch64-darwin": {
          "outputs": [
            {
              "name": "out",
              "path": "/nix/store/pm302wxb0pkwi006sz9dviw30mkz5y00-git-2.51.0",
              "default": true
            },
            {
              "name": "doc",
              "path": "/nix/store/wmbsv0kbk7qcbq3d7j9ks0cq05729sgc-git-2.51.0-doc"
            }
          ],
          "store_path": "/nix/store/pm302wxb0pkwi006sz9dviw30mkz5y00-git-2.51.0"
        },
        "aarch64-linux": {
          "outputs": [
            {
              "name": "out",
              "path": "/nix/store/r69a5mdcc3kwnnc6xlq391aybikda4kn-git-2.51.0",
              "default": true
            },
            {
              "name": "debug",
              "path": "/nix/store/23rv1yi353k64ihdkby7nvb4q5zf4nr6-git-2.51.0-debug"
            },
            {
              "name": "doc",
              "path": "/nix/store/prqym8j8s50gbq85y1f0wfiaylrfqjf9-git-2.51.0-doc"
            }
          ],
          "store_path": "/nix/store/r69a5mdcc3kwnnc6xlq391aybikda4kn-git-2.51.0"
        },
        "x86_64-darwin": {
          "outputs": [
            {
              "name": "out",
              "path": "/nix/store/jllay36l7wbc5y76429n1n5sfdmy0frp-git-2.51.0",
              "default": true
            },
            {
              "name": "doc",
              "path": "/nix/store/gmjk0q6m10ld75d8z4hyfhc0izr5jkg0-git-2.51.0-doc"
            }
          ],
          "store_path": "/nix/store/jllay36l7wbc5y76429n1n5sfdmy0frp-git-2.51.0"
        },
        "x86_64-linux": {
          "outputs": [
            {
              "name": "out",
              "path": "/nix/store/0vbjxlqj8zp0pdjl2szvg17a98vqwyqj-git-2.51.0",
              "default": true
            },
            {
              "name": "debug",
              "path": "/nix/store/43p28p01lbl4l1xj4hicpckkdyfdvkr3-git-2.51.0-debug"
            },
            {
              "name": "doc",
              "path": "/nix/store/bjl8dr5jw9cqiy5l62k927nd04qpbgsc-git-2.51.0-doc"
            }
          ],
          "store_path": "/nix/store/0vbjxlqj8zp0pdjl2szvg17a98vqwyqj-git-2.51.0"
        }
      }
    },
    "github:NixOS/nixpkgs/nixpkgs-unstable": {
      "last_modified": "2025-10-16T06:36:44Z",
      "resolved": "github:NixOS/nixpkgs/3cbe716e2346710d6e1f7c559363d14e11c32a43?lastModified=1760596604&narHash=sha256-J%2Fi5K6AAz%2Fy5dBePHQOuzC7MbhyTOKsd%2FGLezSbEFiM%3D"
    },
    "jdk8@latest": {
      "last_modified": "2025-10-22T20:59:19Z",
      "resolved": "github:NixOS/nixpkgs/01b6809f7f9d1183a2b3e081f0a1e6f8f415cb09#jdk8",
      "source": "devbox-search",
      "version": "8u462-b08",
      "systems": {
        "aarch64-linux": {
          "outputs": [
            {
              "name": "out",
              "path": "/nix/store/idp53w87pn9034h0b68awnlc9shivzhk-openjdk-8u462-b08",
              "default": true
            },
            {
              "name": "debug",
              "path": "/nix/store/rhcz737cn17p57wh0wk4yqymw6zq47hp-openjdk-8u462-b08-debug"
            },
            {
              "name": "jre",
              "path": "/nix/store/74j8f70zx32avncnv4sv6qm8azmhff97-openjdk-8u462-b08-jre"
            }
          ],
          "store_path": "/nix/store/idp53w87pn9034h0b68awnlc9shivzhk-openjdk-8u462-b08"
        },
        "x86_64-linux": {
          "outputs": [
            {
              "name": "out",
              "path": "/nix/store/g0vld0dg3dn5666ysjlh8i38qfhx2ndq-openjdk-8u462-b08",
              "default": true
            },
            {
              "name": "debug",
              "path": "/nix/store/wb839j89598cdl5ygqqh9r9lgcbcivgm-openjdk-8u462-b08-debug"
            },
            {
              "name": "jre",
              "path": "/nix/store/py8pqmb01c1qs5779b7lf8r9wrnf0mgb-openjdk-8u462-b08-jre"
            }
          ],
          "store_path": "/nix/store/g0vld0dg3dn5666ysjlh8i38qfhx2ndq-openjdk-8u462-b08"
        }
      }
    },
    "neovim@latest": {
      "last_modified": "2025-10-07T08:41:47Z",
      "resolved": "github:NixOS/nixpkgs/bce5fe2bb998488d8e7e7856315f90496723793c#neovim",
      "source": "devbox-search",
      "version": "0.11.4",
      "systems": {
        "aarch64-darwin": {
          "outputs": [
            {
              "name": "out",
              "path": "/nix/store/zq043mdv7qxgincx8frw2yrx0hq7wjq0-neovim-0.11.4",
              "default": true
            }
          ],
          "store_path": "/nix/store/zq043mdv7qxgincx8frw2yrx0hq7wjq0-neovim-0.11.4"
        },
        "aarch64-linux": {
          "outputs": [
            {
              "name": "out",
              "path": "/nix/store/64r9b96p2syd218kynh6y85vnlhryamf-neovim-0.11.4",
              "default": true
            }
          ],
          "store_path": "/nix/store/64r9b96p2syd218kynh6y85vnlhryamf-neovim-0.11.4"
        },
        "x86_64-darwin": {
          "outputs": [
            {
              "name": "out",
              "path": "/nix/store/w7lbpqi77r0s32639b66zi79pddp3zig-neovim-0.11.4",
              "default": true
            }
          ],
          "store_path": "/nix/store/w7lbpqi77r0s32639b66zi79pddp3zig-neovim-0.11.4"
        },
        "x86_64-linux": {
          "outputs": [
            {
              "name": "out",
              "path": "/nix/store/fqb2rj54zxs6ccwa8xr90996536m70wg-neovim-0.11.4",
              "default": true
            }
          ],
          "store_path": "/nix/store/fqb2rj54zxs6ccwa8xr90996536m70wg-neovim-0.11.4"
        }
      }
    },
    "pandoc@latest": {
      "last_modified": "2025-11-23T21:50:36Z",
      "resolved": "github:NixOS/nixpkgs/ee09932cedcef15aaf476f9343d1dea2cb77e261#pandoc",
      "source": "devbox-search",
      "version": "3.7.0.2",
      "systems": {
        "aarch64-darwin": {
          "outputs": [
            {
              "name": "out",
              "path": "/nix/store/83hx2pfbqk01hil6a2av5la7001gs5gk-pandoc-cli-3.7.0.2",
              "default": true
            }
          ],
          "store_path": "/nix/store/83hx2pfbqk01hil6a2av5la7001gs5gk-pandoc-cli-3.7.0.2"
        },
        "aarch64-linux": {
          "outputs": [
            {
              "name": "out",
              "path": "/nix/store/qyykaxf01x2jd4zaxhwp9kw59c51nh6f-pandoc-cli-3.7.0.2",
              "default": true
            }
          ],
          "store_path": "/nix/store/qyykaxf01x2jd4zaxhwp9kw59c51nh6f-pandoc-cli-3.7.0.2"
        },
        "x86_64-darwin": {
          "outputs": [
            {
              "name": "out",
              "path": "/nix/store/rvyfavdx62l3vc6mglq7z3lf2xkplfva-pandoc-cli-3.7.0.2",
              "default": true
            }
          ],
          "store_path": "/nix/store/rvyfavdx62l3vc6mglq7z3lf2xkplfva-pandoc-cli-3.7.0.2"
        },
        "x86_64-linux": {
          "outputs": [
            {
              "name": "out",
              "path": "/nix/store/l7y16c61s2brssgfm6qsvcrr4jdd7j5m-pandoc-cli-3.7.0.2",
              "default": true
            }
          ],
          "store_path": "/nix/store/l7y16c61s2brssgfm6qsvcrr4jdd7j5m-pandoc-cli-3.7.0.2"
        }
      }
    },
    "sheldon@latest": {
      "last_modified": "2025-10-07T08:41:47Z",
      "resolved": "github:NixOS/nixpkgs/bce5fe2bb998488d8e7e7856315f90496723793c#sheldon",
      "source": "devbox-search",
      "version": "0.8.5",
      "systems": {
        "aarch64-darwin": {
          "outputs": [
            {
              "name": "out",
              "path": "/nix/store/01s0vpviwcclw7d8zfz0wsz02pr4kqf4-sheldon-0.8.5",
              "default": true
            }
          ],
          "store_path": "/nix/store/01s0vpviwcclw7d8zfz0wsz02pr4kqf4-sheldon-0.8.5"
        },
        "aarch64-linux": {
          "outputs": [
            {
              "name": "out",
              "path": "/nix/store/5afgv3mh1p8xnmb5qad9iqh2yi428m8q-sheldon-0.8.5",
              "default": true
            }
          ],
          "store_path": "/nix/store/5afgv3mh1p8xnmb5qad9iqh2yi428m8q-sheldon-0.8.5"
        },
        "x86_64-darwin": {
          "outputs": [
            {
              "name": "out",
              "path": "/nix/store/chvv71vcvzdgkpzcci5pfj9nr2dr2yhd-sheldon-0.8.5",
              "default": true
            }
          ],
          "store_path": "/nix/store/chvv71vcvzdgkpzcci5pfj9nr2dr2yhd-sheldon-0.8.5"
        },
        "x86_64-linux": {
          "outputs": [
            {
              "name": "out",
              "path": "/nix/store/v6k1s2jam0mi6w8xzxl7p154cfr2lvk0-sheldon-0.8.5",
              "default": true
            }
          ],
          "store_path": "/nix/store/v6k1s2jam0mi6w8xzxl7p154cfr2lvk0-sheldon-0.8.5"
        }
      }
    },
    "sqlite@latest": {
      "last_modified": "2025-11-18T11:19:29Z",
      "resolved": "github:NixOS/nixpkgs/6f374686605df381de8541c072038472a5ea2e2d#sqlite",
      "source": "devbox-search",
      "version": "3.50.4",
      "systems": {
        "aarch64-darwin": {
          "outputs": [
            {
              "name": "bin",
              "path": "/nix/store/vnfj9qz2gkj4ca18835l2q4wxrv174mp-sqlite-3.50.4-bin",
              "default": true
            },
            {
              "name": "man",
              "path": "/nix/store/ys5ai4f9x1nbv5pb515xw657rlzxrx6a-sqlite-3.50.4-man",
              "default": true
            },
            {
              "name": "dev",
              "path": "/nix/store/pv5sxkrmgcnmhvh4263zyb2sb8k0qkdf-sqlite-3.50.4-dev"
            },
            {
              "name": "doc",
              "path": "/nix/store/nlhls9j14nsqch9mnbl8zkp7jxnrh1hi-sqlite-3.50.4-doc"
            },
            {
              "name": "out",
              "path": "/nix/store/hzrcwwa6k39c2wmaphb32714d0zyyd43-sqlite-3.50.4"
            }
          ],
          "store_path": "/nix/store/vnfj9qz2gkj4ca18835l2q4wxrv174mp-sqlite-3.50.4-bin"
        },
        "aarch64-linux": {
          "outputs": [
            {
              "name": "bin",
              "path": "/nix/store/3ffdcxbykph8lmv99s1mf3hbq2mjpfcd-sqlite-3.50.4-bin",
              "default": true
            },
            {
              "name": "man",
              "path": "/nix/store/gw4nxip1g220di3dhzldzg9zn1n1siks-sqlite-3.50.4-man",
              "default": true
            },
            {
              "name": "debug",
              "path": "/nix/store/w1hg30fxa83wqjnkqxmgrzj6znsrd0vm-sqlite-3.50.4-debug"
            },
            {
              "name": "dev",
              "path": "/nix/store/mnsw0frba0500abm7pbrzp15s6ha3gwz-sqlite-3.50.4-dev"
            },
            {
              "name": "doc",
              "path": "/nix/store/0hwc4yyw5s8fgsi219pyndb6hb61yy6j-sqlite-3.50.4-doc"
            },
            {
              "name": "out",
              "path": "/nix/store/2bv82nwvx8yn899nb17y76v35cx3w19m-sqlite-3.50.4"
            }
          ],
          "store_path": "/nix/store/3ffdcxbykph8lmv99s1mf3hbq2mjpfcd-sqlite-3.50.4-bin"
        },
        "x86_64-darwin": {
          "outputs": [
            {
              "name": "bin",
              "path": "/nix/store/kljw71hf27amzrzsq1xv3jqlkfffl7nn-sqlite-3.50.4-bin",
              "default": true
            },
            {
              "name": "man",
              "path": "/nix/store/ymx3s9v5c8rvrn6b8mq1rg4rvzclz5yp-sqlite-3.50.4-man",
              "default": true
            },
            {
              "name": "dev",
              "path": "/nix/store/596jy77dpp5cbqwrr80qrk92wh9vgn6v-sqlite-3.50.4-dev"
            },
            {
              "name": "doc",
              "path": "/nix/store/076rid3dl154a2wnqbra0xkxgf04m4bn-sqlite-3.50.4-doc"
            },
            {
              "name": "out",
              "path": "/nix/store/59kdjhsgv1x4a6qilmrgk9wffkxas506-sqlite-3.50.4"
            }
          ],
          "store_path": "/nix/store/kljw71hf27amzrzsq1xv3jqlkfffl7nn-sqlite-3.50.4-bin"
        },
        "x86_64-linux": {
          "outputs": [
            {
              "name": "bin",
              "path": "/nix/store/kxvfpjkarwwfv9m72gpc1yad4f1dmsl1-sqlite-3.50.4-bin",
              "default": true
            },
            {
              "name": "man",
              "path": "/nix/store/fhyvplx0hgi8r8k131havpxvmqk3ps1v-sqlite-3.50.4-man",
              "default": true
            },
            {
              "name": "dev",
              "path": "/nix/store/7za7hsb03h0b0wyg1225zp098qgb7ri8-sqlite-3.50.4-dev"
            },
            {
              "name": "doc",
              "path": "/nix/store/63z0h18bncxl645qimmakfdagw8gyfwb-sqlite-3.50.4-doc"
            },
            {
              "name": "out",
              "path": "/nix/store/90fmssznwpgs6a0wv6il4w2j5glpn1dw-sqlite-3.50.4"
            },
            {
              "name": "debug",
              "path": "/nix/store/3s9bzc1ypjwyiv9vhq2r8r1570jn5vks-sqlite-3.50.4-debug"
            }
          ],
          "store_path": "/nix/store/kxvfpjkarwwfv9m72gpc1yad4f1dmsl1-sqlite-3.50.4-bin"
        }
      }
    },
    "starship@latest": {
      "last_modified": "2025-10-07T08:41:47Z",
      "resolved": "github:NixOS/nixpkgs/bce5fe2bb998488d8e7e7856315f90496723793c#starship",
      "source": "devbox-search",
      "version": "1.23.0",
      "systems": {
        "aarch64-darwin": {
          "outputs": [
            {
              "name": "out",
              "path": "/nix/store/2i832a5g196xk0d5wginzww18f1vgla5-starship-1.23.0",
              "default": true
            }
          ],
          "store_path": "/nix/store/2i832a5g196xk0d5wginzww18f1vgla5-starship-1.23.0"
        },
        "aarch64-linux": {
          "outputs": [
            {
              "name": "out",
              "path": "/nix/store/4md25jdqh0a1h372ak6qbknazpxwrbb5-starship-1.23.0",
              "default": true
            }
          ],
          "store_path": "/nix/store/4md25jdqh0a1h372ak6qbknazpxwrbb5-starship-1.23.0"
        },
        "x86_64-darwin": {
          "outputs": [
            {
              "name": "out",
              "path": "/nix/store/fdi1zq61yb83ljzjrqsh48nfxkdsws3c-starship-1.23.0",
              "default": true
            }
          ],
          "store_path": "/nix/store/fdi1zq61yb83ljzjrqsh48nfxkdsws3c-starship-1.23.0"
        },
        "x86_64-linux": {
          "outputs": [
            {
              "name": "out",
              "path": "/nix/store/g22zncgfp7lfzkf7ng1bvbmz540pvjnj-starship-1.23.0",
              "default": true
            }
          ],
          "store_path": "/nix/store/g22zncgfp7lfzkf7ng1bvbmz540pvjnj-starship-1.23.0"
        }
      }
    },
    "stow@latest": {
      "last_modified": "2025-10-07T08:41:47Z",
      "resolved": "github:NixOS/nixpkgs/bce5fe2bb998488d8e7e7856315f90496723793c#stow",
      "source": "devbox-search",
      "version": "2.4.1",
      "systems": {
        "aarch64-darwin": {
          "outputs": [
            {
              "name": "out",
              "path": "/nix/store/7h86mda6bz3wfmcvjcmwy38p7kz9caf6-stow-2.4.1",
              "default": true
            }
          ],
          "store_path": "/nix/store/7h86mda6bz3wfmcvjcmwy38p7kz9caf6-stow-2.4.1"
        },
        "aarch64-linux": {
          "outputs": [
            {
              "name": "out",
              "path": "/nix/store/x19kvhdnbl8rs5vx1xhnfxyy6a5alcr7-stow-2.4.1",
              "default": true
            }
          ],
          "store_path": "/nix/store/x19kvhdnbl8rs5vx1xhnfxyy6a5alcr7-stow-2.4.1"
        },
        "x86_64-darwin": {
          "outputs": [
            {
              "name": "out",
              "path": "/nix/store/zxwmdjbp1nplqpp0iy55c227nwslnb05-stow-2.4.1",
              "default": true
            }
          ],
          "store_path": "/nix/store/zxwmdjbp1nplqpp0iy55c227nwslnb05-stow-2.4.1"
        },
        "x86_64-linux": {
          "outputs": [
            {
              "name": "out",
              "path": "/nix/store/0f72zlqsg6b9lz88xk5xl12sskydg86x-stow-2.4.1",
              "default": true
            }
          ],
          "store_path": "/nix/store/0f72zlqsg6b9lz88xk5xl12sskydg86x-stow-2.4.1"
        }
      }
    },
    "tailscale@latest": {
      "last_modified": "2026-01-09T13:41:53Z",
      "resolved": "github:NixOS/nixpkgs/5f02c91314c8ba4afe83b256b023756412218535#tailscale",
      "source": "devbox-search",
      "version": "1.92.5",
      "systems": {
        "aarch64-darwin": {
          "outputs": [
            {
              "name": "out",
              "path": "/nix/store/zg7fqnxn7m8xfbig901h4pqb64k13c45-tailscale-1.92.5",
              "default": true
            },
            {
              "name": "derper",
              "path": "/nix/store/zy7h9lb5k547s4y3498qhcz1qil4acjc-tailscale-1.92.5-derper"
            }
          ],
          "store_path": "/nix/store/zg7fqnxn7m8xfbig901h4pqb64k13c45-tailscale-1.92.5"
        },
        "aarch64-linux": {
          "outputs": [
            {
              "name": "out",
              "path": "/nix/store/lkm3wighi0z0wy4v61cbclhphw71szjz-tailscale-1.92.5",
              "default": true
            },
            {
              "name": "derper",
              "path": "/nix/store/rxhs7l1galy7l3q9jjl0s0rpbjh5lqai-tailscale-1.92.5-derper"
            }
          ],
          "store_path": "/nix/store/lkm3wighi0z0wy4v61cbclhphw71szjz-tailscale-1.92.5"
        },
        "x86_64-darwin": {
          "outputs": [
            {
              "name": "out",
              "path": "/nix/store/vlc5nfppc54mpw6lbcch5hw7hd3ank7x-tailscale-1.92.5",
              "default": true
            },
            {
              "name": "derper",
              "path": "/nix/store/jcc403grlvhgf4x635r4cgymfvbpz773-tailscale-1.92.5-derper"
            }
          ],
          "store_path": "/nix/store/vlc5nfppc54mpw6lbcch5hw7hd3ank7x-tailscale-1.92.5"
        },
        "x86_64-linux": {
          "outputs": [
            {
              "name": "out",
              "path": "/nix/store/k8jgiaxrz8iv9xh0h9bxic673b0m78pk-tailscale-1.92.5",
              "default": true
            },
            {
              "name": "derper",
              "path": "/nix/store/kq2ia24czq6y50w1lrq3x4vsmi8hah76-tailscale-1.92.5-derper"
            }
          ],
          "store_path": "/nix/store/k8jgiaxrz8iv9xh0h9bxic673b0m78pk-tailscale-1.92.5"
        }
      }
    },
    "vim@latest": {
      "last_modified": "2025-10-07T08:41:47Z",
      "resolved": "github:NixOS/nixpkgs/bce5fe2bb998488d8e7e7856315f90496723793c#vim",
      "source": "devbox-search",
      "version": "9.1.1765",
      "systems": {
        "aarch64-darwin": {
          "outputs": [
            {
              "name": "out",
              "path": "/nix/store/2xqpw8mb385zbpvak9w9xx6xa54c3swf-vim-9.1.1765",
              "default": true
            },
            {
              "name": "xxd",
              "path": "/nix/store/i190467a8x0xqy9x7vma6va1qd5psf8f-vim-9.1.1765-xxd",
              "default": true
            }
          ],
          "store_path": "/nix/store/2xqpw8mb385zbpvak9w9xx6xa54c3swf-vim-9.1.1765"
        },
        "aarch64-linux": {
          "outputs": [
            {
              "name": "out",
              "path": "/nix/store/9ar8ww474489yz5q6gswmbpbdcs9413i-vim-9.1.1765",
              "default": true
            },
            {
              "name": "xxd",
              "path": "/nix/store/54cqy8gk4mqfjw2zhzzp6p8p00qlvrhw-vim-9.1.1765-xxd",
              "default": true
            }
          ],
          "store_path": "/nix/store/9ar8ww474489yz5q6gswmbpbdcs9413i-vim-9.1.1765"
        },
        "x86_64-darwin": {
          "outputs": [
            {
              "name": "out",
              "path": "/nix/store/krixp4cvj9abqxwl9qb09ixws2kjvvzm-vim-9.1.1765",
              "default": true
            },
            {
              "name": "xxd",
              "path": "/nix/store/mlb2fl6rb7azgh1viiq9imq860kpxj7i-vim-9.1.1765-xxd",
              "default": true
            }
          ],
          "store_path": "/nix/store/krixp4cvj9abqxwl9qb09ixws2kjvvzm-vim-9.1.1765"
        },
        "x86_64-linux": {
          "outputs": [
            {
              "name": "out",
              "path": "/nix/store/9ndrpcw7wjf7gii0b8jfsmjvlig80np1-vim-9.1.1765",
              "default": true
            },
            {
              "name": "xxd",
              "path": "/nix/store/838drq0lv5855b6i9db4lv0icjmyggw8-vim-9.1.1765-xxd",
              "default": true
            }
          ],
          "store_path": "/nix/store/9ndrpcw7wjf7gii0b8jfsmjvlig80np1-vim-9.1.1765"
        }
      }
    },
    "xclip@latest": {
      "last_modified": "2025-12-31T03:27:36Z",
      "resolved": "github:NixOS/nixpkgs/f665af0cdb70ed27e1bd8f9fdfecaf451260fc55#xclip",
      "source": "devbox-search",
      "version": "0.13",
      "systems": {
        "aarch64-darwin": {
          "outputs": [
            {
              "name": "out",
              "path": "/nix/store/ki2hh0cnypbc3wbkv48gnnhbvf79rlmm-xclip-0.13",
              "default": true
            }
          ],
          "store_path": "/nix/store/ki2hh0cnypbc3wbkv48gnnhbvf79rlmm-xclip-0.13"
        },
        "aarch64-linux": {
          "outputs": [
            {
              "name": "out",
              "path": "/nix/store/65rjc4j307b987dzbdzbm8fkdxbcy17f-xclip-0.13",
              "default": true
            }
          ],
          "store_path": "/nix/store/65rjc4j307b987dzbdzbm8fkdxbcy17f-xclip-0.13"
        },
        "x86_64-darwin": {
          "outputs": [
            {
              "name": "out",
              "path": "/nix/store/mjdval8gb58adhgp3lzwz2jyasw46scr-xclip-0.13",
              "default": true
            }
          ],
          "store_path": "/nix/store/mjdval8gb58adhgp3lzwz2jyasw46scr-xclip-0.13"
        },
        "x86_64-linux": {
          "outputs": [
            {
              "name": "out",
              "path": "/nix/store/qpzcn9cv3apxzbqal2vrmml4jpyq7sys-xclip-0.13",
              "default": true
            }
          ],
          "store_path": "/nix/store/qpzcn9cv3apxzbqal2vrmml4jpyq7sys-xclip-0.13"
        }
      }
    },
    "zenity@latest": {
      "last_modified": "2025-11-15T07:28:48Z",
      "resolved": "github:NixOS/nixpkgs/1d4c88323ac36805d09657d13a5273aea1b34f0c#zenity",
      "source": "devbox-search",
      "version": "4.2.1",
      "systems": {
        "aarch64-darwin": {
          "outputs": [
            {
              "name": "out",
              "path": "/nix/store/p927ngkyw7y9a6cpyy8kxxwrhf6p841d-zenity-4.2.1",
              "default": true
            }
          ],
          "store_path": "/nix/store/p927ngkyw7y9a6cpyy8kxxwrhf6p841d-zenity-4.2.1"
        },
        "aarch64-linux": {
          "outputs": [
            {
              "name": "out",
              "path": "/nix/store/c1m1223k8ihf6034d1wxky5cr2qjhhd7-zenity-4.2.1",
              "default": true
            }
          ],
          "store_path": "/nix/store/c1m1223k8ihf6034d1wxky5cr2qjhhd7-zenity-4.2.1"
        },
        "x86_64-darwin": {
          "outputs": [
            {
              "name": "out",
              "path": "/nix/store/zq52wgbhasklwibkf30kjkwrpyqds5zn-zenity-4.2.1",
              "default": true
            }
          ],
          "store_path": "/nix/store/zq52wgbhasklwibkf30kjkwrpyqds5zn-zenity-4.2.1"
        },
        "x86_64-linux": {
          "outputs": [
            {
              "name": "out",
              "path": "/nix/store/i5pfhdnxjl3wp7w728jns8dmxv15wzpq-zenity-4.2.1",
              "default": true
            }
          ],
          "store_path": "/nix/store/i5pfhdnxjl3wp7w728jns8dmxv15wzpq-zenity-4.2.1"
        }
      }
    },
    "zoxide@latest": {
      "last_modified": "2025-10-13T09:56:54Z",
      "resolved": "github:NixOS/nixpkgs/c12c63cd6c5eb34c7b4c3076c6a99e00fcab86ec#zoxide",
      "source": "devbox-search",
      "version": "0.9.8",
      "systems": {
        "aarch64-darwin": {
          "outputs": [
            {
              "name": "out",
              "path": "/nix/store/0qpi4ph5rfbgq8v9c4y3zffswccc3648-zoxide-0.9.8",
              "default": true
            }
          ],
          "store_path": "/nix/store/0qpi4ph5rfbgq8v9c4y3zffswccc3648-zoxide-0.9.8"
        },
        "aarch64-linux": {
          "outputs": [
            {
              "name": "out",
              "path": "/nix/store/x0y5c5l2c4ys3p08cjs671bvg9r52vc8-zoxide-0.9.8",
              "default": true
            }
          ],
          "store_path": "/nix/store/x0y5c5l2c4ys3p08cjs671bvg9r52vc8-zoxide-0.9.8"
        },
        "x86_64-darwin": {
          "outputs": [
            {
              "name": "out",
              "path": "/nix/store/ylfxm0hlqvqg3x9d0k95b9kzs0n0d1k2-zoxide-0.9.8",
              "default": true
            }
          ],
          "store_path": "/nix/store/ylfxm0hlqvqg3x9d0k95b9kzs0n0d1k2-zoxide-0.9.8"
        },
        "x86_64-linux": {
          "outputs": [
            {
              "name": "out",
              "path": "/nix/store/fk6di867apy7fi3n762xzra6z4psk523-zoxide-0.9.8",
              "default": true
            }
          ],
          "store_path": "/nix/store/fk6di867apy7fi3n762xzra6z4psk523-zoxide-0.9.8"
        }
      }
    },
    "zsh@latest": {
      "last_modified": "2025-10-07T08:41:47Z",
      "resolved": "github:NixOS/nixpkgs/bce5fe2bb998488d8e7e7856315f90496723793c#zsh",
      "source": "devbox-search",
      "version": "5.9",
      "systems": {
        "aarch64-darwin": {
          "outputs": [
            {
              "name": "out",
              "path": "/nix/store/76fvy1w147jh9vrvv3j4q9rbi2q6jpyg-zsh-5.9",
              "default": true
            },
            {
              "name": "man",
              "path": "/nix/store/qisyraxrrw5rrkdr12328ycxycqg13ns-zsh-5.9-man",
              "default": true
            },
            {
              "name": "doc",
              "path": "/nix/store/sc7pmnfl4v7sw5wcj9p8iv14h2vgac86-zsh-5.9-doc"
            },
            {
              "name": "info",
              "path": "/nix/store/3w80a8d7kv2hbqd5r7l2b4qms9mlk8qz-zsh-5.9-info"
            }
          ],
          "store_path": "/nix/store/76fvy1w147jh9vrvv3j4q9rbi2q6jpyg-zsh-5.9"
        },
        "aarch64-linux": {
          "outputs": [
            {
              "name": "out",
              "path": "/nix/store/nyr7xnsh7asgbdf8l95lhr10w2mh46dx-zsh-5.9",
              "default": true
            },
            {
              "name": "man",
              "path": "/nix/store/qn8pqvvhvfk10bldwnc2wz172qkcjmi7-zsh-5.9-man",
              "default": true
            },
            {
              "name": "doc",
              "path": "/nix/store/045rmch478aj2m6gqazcpp7g4x31ck6d-zsh-5.9-doc"
            },
            {
              "name": "info",
              "path": "/nix/store/aln01bmhwp1f0m57p8ifah26yk618xay-zsh-5.9-info"
            }
          ],
          "store_path": "/nix/store/nyr7xnsh7asgbdf8l95lhr10w2mh46dx-zsh-5.9"
        },
        "x86_64-darwin": {
          "outputs": [
            {
              "name": "out",
              "path": "/nix/store/smw69a847havv5fdlj839bigi2697sk7-zsh-5.9",
              "default": true
            },
            {
              "name": "man",
              "path": "/nix/store/2z6664rv565nmzdkhiicj2y4pk3d327f-zsh-5.9-man",
              "default": true
            },
            {
              "name": "doc",
              "path": "/nix/store/v9mcg5n2x4zc3y4g3gp759aiffgpwc1d-zsh-5.9-doc"
            },
            {
              "name": "info",
              "path": "/nix/store/zq35mmark25pxdk0igsclvvymdkvnc8a-zsh-5.9-info"
            }
          ],
          "store_path": "/nix/store/smw69a847havv5fdlj839bigi2697sk7-zsh-5.9"
        },
        "x86_64-linux": {
          "outputs": [
            {
              "name": "out",
              "path": "/nix/store/2w2mk3fyc9m3fdxsh4w4azzyg6smiry2-zsh-5.9",
              "default": true
            },
            {
              "name": "man",
              "path": "/nix/store/sc7881b3kq7h9ihbc960mhv6pwv0czqk-zsh-5.9-man",
              "default": true
            },
            {
              "name": "doc",
              "path": "/nix/store/pj8x81j0zdc7jarb79k2fpv6xwxd0fkx-zsh-5.9-doc"
            },
            {
              "name": "info",
              "path": "/nix/store/w372v1xl39a0642ivvy0ppv9gqizgxv2-zsh-5.9-info"
            }
          ],
          "store_path": "/nix/store/2w2mk3fyc9m3fdxsh4w4azzyg6smiry2-zsh-5.9"
        }
      }
    }
  }
}
