{
  "lockfile_version": "1",
  "packages": {
    "direnv@latest": {
      "last_modified": "2026-02-03T17:56:14Z",
      "resolved": "github:NixOS/nixpkgs/41965737c1797c1d83cfb0b644ed0840a6220bd1#direnv",
      "source": "devbox-search",
      "version": "2.37.1",
      "systems": {
        "aarch64-darwin": {
          "outputs": [
            {
              "name": "out",
              "path": "/nix/store/j8di4carljhfji3na2sy41xyihq3419k-direnv-2.37.1",
              "default": true
            }
          ],
          "store_path": "/nix/store/j8di4carljhfji3na2sy41xyihq3419k-direnv-2.37.1"
        },
        "aarch64-linux": {
          "outputs": [
            {
              "name": "out",
              "path": "/nix/store/bpkmfw0kx8wyqwf6b0yz4hdjni3jar05-direnv-2.37.1",
              "default": true
            }
          ],
          "store_path": "/nix/store/bpkmfw0kx8wyqwf6b0yz4hdjni3jar05-direnv-2.37.1"
        },
        "x86_64-darwin": {
          "outputs": [
            {
              "name": "out",
              "path": "/nix/store/gvaqlnzk4crb36kkw8r08v34v17y8y9l-direnv-2.37.1",
              "default": true
            }
          ],
          "store_path": "/nix/store/gvaqlnzk4crb36kkw8r08v34v17y8y9l-direnv-2.37.1"
        },
        "x86_64-linux": {
          "outputs": [
            {
              "name": "out",
              "path": "/nix/store/aqm6npczf3rnavcxihwvz7c8r6i6dw9q-direnv-2.37.1",
              "default": true
            }
          ],
          "store_path": "/nix/store/aqm6npczf3rnavcxihwvz7c8r6i6dw9q-direnv-2.37.1"
        }
      }
    },
    "docker-compose@latest": {
      "last_modified": "2026-01-23T17:20:52Z",
      "resolved": "github:NixOS/nixpkgs/a1bab9e494f5f4939442a57a58d0449a109593fe#docker-compose",
      "source": "devbox-search",
      "version": "5.0.2",
      "systems": {
        "aarch64-darwin": {
          "outputs": [
            {
              "name": "out",
              "path": "/nix/store/5m66j597gc5xxrw4i771115ssiamwgcp-docker-compose-5.0.2",
              "default": true
            }
          ],
          "store_path": "/nix/store/5m66j597gc5xxrw4i771115ssiamwgcp-docker-compose-5.0.2"
        },
        "aarch64-linux": {
          "outputs": [
            {
              "name": "out",
              "path": "/nix/store/ql274iipj65j2mnflch20qswx5i8arly-docker-compose-5.0.2",
              "default": true
            }
          ],
          "store_path": "/nix/store/ql274iipj65j2mnflch20qswx5i8arly-docker-compose-5.0.2"
        },
        "x86_64-darwin": {
          "outputs": [
            {
              "name": "out",
              "path": "/nix/store/6l4vsafryxq4rcgv169jcngv3r3zk0fz-docker-compose-5.0.2",
              "default": true
            }
          ],
          "store_path": "/nix/store/6l4vsafryxq4rcgv169jcngv3r3zk0fz-docker-compose-5.0.2"
        },
        "x86_64-linux": {
          "outputs": [
            {
              "name": "out",
              "path": "/nix/store/xp2mhavbapm2lvwfzh8c05gfrb70qhmy-docker-compose-5.0.2",
              "default": true
            }
          ],
          "store_path": "/nix/store/xp2mhavbapm2lvwfzh8c05gfrb70qhmy-docker-compose-5.0.2"
        }
      }
    },
    "eza@latest": {
      "last_modified": "2026-01-23T17:20:52Z",
      "resolved": "github:NixOS/nixpkgs/a1bab9e494f5f4939442a57a58d0449a109593fe#eza",
      "source": "devbox-search",
      "version": "0.23.4",
      "systems": {
        "aarch64-darwin": {
          "outputs": [
            {
              "name": "out",
              "path": "/nix/store/7655ic9iv43gxzv5k39vnna749lmmdn5-eza-0.23.4",
              "default": true
            },
            {
              "name": "man",
              "path": "/nix/store/9655y75jgbfz9kxj6y75hg13ljppnhxf-eza-0.23.4-man",
              "default": true
            }
          ],
          "store_path": "/nix/store/7655ic9iv43gxzv5k39vnna749lmmdn5-eza-0.23.4"
        },
        "aarch64-linux": {
          "outputs": [
            {
              "name": "out",
              "path": "/nix/store/28fpqm2ai0jxqpb37i3knh4lxlspabn8-eza-0.23.4",
              "default": true
            },
            {
              "name": "man",
              "path": "/nix/store/2bg54h4pvqm89r3ch8vfwgz51pfdy6sf-eza-0.23.4-man",
              "default": true
            }
          ],
          "store_path": "/nix/store/28fpqm2ai0jxqpb37i3knh4lxlspabn8-eza-0.23.4"
        },
        "x86_64-darwin": {
          "outputs": [
            {
              "name": "out",
              "path": "/nix/store/qfhn2hs7hfwz0hacdh03dwhxdl455csg-eza-0.23.4",
              "default": true
            },
            {
              "name": "man",
              "path": "/nix/store/icxiw6r6djvny7jkdqcjzbwgbd241qxz-eza-0.23.4-man",
              "default": true
            }
          ],
          "store_path": "/nix/store/qfhn2hs7hfwz0hacdh03dwhxdl455csg-eza-0.23.4"
        },
        "x86_64-linux": {
          "outputs": [
            {
              "name": "out",
              "path": "/nix/store/h39nmwdf34ab886dlcdr9ga7lmlmypbz-eza-0.23.4",
              "default": true
            },
            {
              "name": "man",
              "path": "/nix/store/j0pkgh7xs4vr1irsllrkhplww5pv8lcn-eza-0.23.4-man",
              "default": true
            }
          ],
          "store_path": "/nix/store/h39nmwdf34ab886dlcdr9ga7lmlmypbz-eza-0.23.4"
        }
      }
    },
    "gh@latest": {
      "last_modified": "2026-01-23T17:20:52Z",
      "resolved": "github:NixOS/nixpkgs/a1bab9e494f5f4939442a57a58d0449a109593fe#gh",
      "source": "devbox-search",
      "version": "2.86.0",
      "systems": {
        "aarch64-darwin": {
          "outputs": [
            {
              "name": "out",
              "path": "/nix/store/y207r5sjcd81gfnsxxssgiiiwl6mcg6f-gh-2.86.0",
              "default": true
            }
          ],
          "store_path": "/nix/store/y207r5sjcd81gfnsxxssgiiiwl6mcg6f-gh-2.86.0"
        },
        "aarch64-linux": {
          "outputs": [
            {
              "name": "out",
              "path": "/nix/store/zx4plaf0z1yv06wdhxxhpbm7kmslm2r8-gh-2.86.0",
              "default": true
            }
          ],
          "store_path": "/nix/store/zx4plaf0z1yv06wdhxxhpbm7kmslm2r8-gh-2.86.0"
        },
        "x86_64-darwin": {
          "outputs": [
            {
              "name": "out",
              "path": "/nix/store/vhpac8ld4xkaa13bsrbwnyrmlcxsg57q-gh-2.86.0",
              "default": true
            }
          ],
          "store_path": "/nix/store/vhpac8ld4xkaa13bsrbwnyrmlcxsg57q-gh-2.86.0"
        },
        "x86_64-linux": {
          "outputs": [
            {
              "name": "out",
              "path": "/nix/store/xf3rb2kmk19092b1pf50ag0fsj2f6hpa-gh-2.86.0",
              "default": true
            }
          ],
          "store_path": "/nix/store/xf3rb2kmk19092b1pf50ag0fsj2f6hpa-gh-2.86.0"
        }
      }
    },
    "git@latest": {
      "last_modified": "2026-02-03T08:29:05Z",
      "resolved": "github:NixOS/nixpkgs/4533d9293756b63904b7238acb84ac8fe4c8c2c4#git",
      "source": "devbox-search",
      "version": "2.52.0",
      "systems": {
        "aarch64-darwin": {
          "outputs": [
            {
              "name": "out",
              "path": "/nix/store/vnhprisb777byfjpp5mdd0mxwkpvhbc0-git-2.52.0",
              "default": true
            },
            {
              "name": "doc",
              "path": "/nix/store/p0dx3053175fpr3kjf0fqgs9x6gm3dri-git-2.52.0-doc"
            }
          ],
          "store_path": "/nix/store/vnhprisb777byfjpp5mdd0mxwkpvhbc0-git-2.52.0"
        },
        "aarch64-linux": {
          "outputs": [
            {
              "name": "out",
              "path": "/nix/store/sd4bjblxfljbm13mpl50x8g336gw2dri-git-2.52.0",
              "default": true
            },
            {
              "name": "debug",
              "path": "/nix/store/cx033x4nmr12d9dcn8hxjfrajc3983f0-git-2.52.0-debug"
            },
            {
              "name": "doc",
              "path": "/nix/store/ylsmgdrnp78p8hn7n9lxpada78dka41v-git-2.52.0-doc"
            }
          ],
          "store_path": "/nix/store/sd4bjblxfljbm13mpl50x8g336gw2dri-git-2.52.0"
        },
        "x86_64-darwin": {
          "outputs": [
            {
              "name": "out",
              "path": "/nix/store/sr42bfqa0pc2ysba678mrm49g78jdynp-git-2.52.0",
              "default": true
            },
            {
              "name": "doc",
              "path": "/nix/store/fky0ci2bhwgyh9klg5682pmqswqg7wk4-git-2.52.0-doc"
            }
          ],
          "store_path": "/nix/store/sr42bfqa0pc2ysba678mrm49g78jdynp-git-2.52.0"
        },
        "x86_64-linux": {
          "outputs": [
            {
              "name": "out",
              "path": "/nix/store/ipwndaag56mm8g8gn8j98z0jvn8x4mk1-git-2.52.0",
              "default": true
            },
            {
              "name": "debug",
              "path": "/nix/store/zd8di23fmzjwrhb5ij1bjnlfqkx9j7d6-git-2.52.0-debug"
            },
            {
              "name": "doc",
              "path": "/nix/store/d8kc4kqzcrbcj92msxrpdsdjglh2q5gp-git-2.52.0-doc"
            }
          ],
          "store_path": "/nix/store/ipwndaag56mm8g8gn8j98z0jvn8x4mk1-git-2.52.0"
        }
      }
    },
    "github:NixOS/nixpkgs/nixpkgs-unstable": {
      "last_modified": "2026-02-04T01:49:30Z",
      "resolved": "github:NixOS/nixpkgs/aa290c9891fa4ebe88f8889e59633d20cc06a5f2?lastModified=1770169770"
    },
    "jdk8@latest": {
      "last_modified": "2025-10-22T20:59:19Z",
      "resolved": "github:NixOS/nixpkgs/01b6809f7f9d1183a2b3e081f0a1e6f8f415cb09#jdk8",
      "source": "devbox-search",
      "version": "8u462-b08",
      "systems": {
        "aarch64-linux": {
          "outputs": [
            {
              "name": "out",
              "path": "/nix/store/idp53w87pn9034h0b68awnlc9shivzhk-openjdk-8u462-b08",
              "default": true
            },
            {
              "name": "debug",
              "path": "/nix/store/rhcz737cn17p57wh0wk4yqymw6zq47hp-openjdk-8u462-b08-debug"
            },
            {
              "name": "jre",
              "path": "/nix/store/74j8f70zx32avncnv4sv6qm8azmhff97-openjdk-8u462-b08-jre"
            }
          ],
          "store_path": "/nix/store/idp53w87pn9034h0b68awnlc9shivzhk-openjdk-8u462-b08"
        },
        "x86_64-linux": {
          "outputs": [
            {
              "name": "out",
              "path": "/nix/store/g0vld0dg3dn5666ysjlh8i38qfhx2ndq-openjdk-8u462-b08",
              "default": true
            },
            {
              "name": "debug",
              "path": "/nix/store/wb839j89598cdl5ygqqh9r9lgcbcivgm-openjdk-8u462-b08-debug"
            },
            {
              "name": "jre",
              "path": "/nix/store/py8pqmb01c1qs5779b7lf8r9wrnf0mgb-openjdk-8u462-b08-jre"
            }
          ],
          "store_path": "/nix/store/g0vld0dg3dn5666ysjlh8i38qfhx2ndq-openjdk-8u462-b08"
        }
      }
    },
    "lazygit@latest": {
      "last_modified": "2026-01-23T17:20:52Z",
      "resolved": "github:NixOS/nixpkgs/a1bab9e494f5f4939442a57a58d0449a109593fe#lazygit",
      "source": "devbox-search",
      "version": "0.58.1",
      "systems": {
        "aarch64-darwin": {
          "outputs": [
            {
              "name": "out",
              "path": "/nix/store/g7sdbs75b9rmi32k7lafn8wa7sscpppc-lazygit-0.58.1",
              "default": true
            }
          ],
          "store_path": "/nix/store/g7sdbs75b9rmi32k7lafn8wa7sscpppc-lazygit-0.58.1"
        },
        "aarch64-linux": {
          "outputs": [
            {
              "name": "out",
              "path": "/nix/store/xxal99hsb0bgwd06rjnlbnlak83hdr7i-lazygit-0.58.1",
              "default": true
            }
          ],
          "store_path": "/nix/store/xxal99hsb0bgwd06rjnlbnlak83hdr7i-lazygit-0.58.1"
        },
        "x86_64-darwin": {
          "outputs": [
            {
              "name": "out",
              "path": "/nix/store/5n7dsjbvpgdzsg94w5hxidm8lpmb7x6z-lazygit-0.58.1",
              "default": true
            }
          ],
          "store_path": "/nix/store/5n7dsjbvpgdzsg94w5hxidm8lpmb7x6z-lazygit-0.58.1"
        },
        "x86_64-linux": {
          "outputs": [
            {
              "name": "out",
              "path": "/nix/store/l55q05b9lfb5f8rrk8dhd3n51b9rwbq6-lazygit-0.58.1",
              "default": true
            }
          ],
          "store_path": "/nix/store/l55q05b9lfb5f8rrk8dhd3n51b9rwbq6-lazygit-0.58.1"
        }
      }
    },
    "neovim@latest": {
      "last_modified": "2026-01-27T15:18:14Z",
      "resolved": "github:NixOS/nixpkgs/afce96367b2e37fc29afb5543573cd49db3357b7#neovim",
      "source": "devbox-search",
      "version": "0.11.6",
      "systems": {
        "aarch64-darwin": {
          "outputs": [
            {
              "name": "out",
              "path": "/nix/store/kx83ksjgs28dr2cd5crwq0if4dnsrcxz-neovim-0.11.6",
              "default": true
            }
          ],
          "store_path": "/nix/store/kx83ksjgs28dr2cd5crwq0if4dnsrcxz-neovim-0.11.6"
        },
        "aarch64-linux": {
          "outputs": [
            {
              "name": "out",
              "path": "/nix/store/xnjaf8hpb4mc1zxaylahiz77k3qkki7w-neovim-0.11.6",
              "default": true
            }
          ],
          "store_path": "/nix/store/xnjaf8hpb4mc1zxaylahiz77k3qkki7w-neovim-0.11.6"
        },
        "x86_64-darwin": {
          "outputs": [
            {
              "name": "out",
              "path": "/nix/store/yslnqf4mbxrqmg0im3yhvbyf71m9199f-neovim-0.11.6",
              "default": true
            }
          ],
          "store_path": "/nix/store/yslnqf4mbxrqmg0im3yhvbyf71m9199f-neovim-0.11.6"
        },
        "x86_64-linux": {
          "outputs": [
            {
              "name": "out",
              "path": "/nix/store/a3ncnk80dqqcnv3jvhdky8ydbabwg7xp-neovim-0.11.6",
              "default": true
            }
          ],
          "store_path": "/nix/store/a3ncnk80dqqcnv3jvhdky8ydbabwg7xp-neovim-0.11.6"
        }
      }
    },
    "nodejs@latest": {
      "last_modified": "2026-02-03T17:56:14Z",
      "plugin_version": "0.0.2",
      "resolved": "github:NixOS/nixpkgs/41965737c1797c1d83cfb0b644ed0840a6220bd1#nodejs_25",
      "source": "devbox-search",
      "version": "25.6.0",
      "systems": {
        "aarch64-darwin": {
          "outputs": [
            {
              "name": "out",
              "path": "/nix/store/8c4nmc0bf68hjwqynn6akiyf6wpig1w1-nodejs-25.6.0",
              "default": true
            },
            {
              "name": "dev",
              "path": "/nix/store/5w3rd6zkcllysnjza8zzxpigx1f2ylb0-nodejs-25.6.0-dev"
            },
            {
              "name": "libv8",
              "path": "/nix/store/kzds777k7j3b9m9h7xvmgfk0ns5b9s1x-nodejs-25.6.0-libv8"
            }
          ],
          "store_path": "/nix/store/8c4nmc0bf68hjwqynn6akiyf6wpig1w1-nodejs-25.6.0"
        },
        "aarch64-linux": {
          "outputs": [
            {
              "name": "out",
              "path": "/nix/store/jvl4b0b0k3xhrva7zqqbi86l6vd1v95z-nodejs-25.6.0",
              "default": true
            },
            {
              "name": "dev",
              "path": "/nix/store/v384glc8b42ka95z6zdiq1xcd2lv109n-nodejs-25.6.0-dev"
            },
            {
              "name": "libv8",
              "path": "/nix/store/6390j96zq92fmx2w1jk1q8fz367dvaqr-nodejs-25.6.0-libv8"
            }
          ],
          "store_path": "/nix/store/jvl4b0b0k3xhrva7zqqbi86l6vd1v95z-nodejs-25.6.0"
        },
        "x86_64-darwin": {
          "outputs": [
            {
              "name": "out",
              "path": "/nix/store/ynv28gii2ajgbljvg86c2z8bqc6vbdi4-nodejs-25.6.0",
              "default": true
            },
            {
              "name": "dev",
              "path": "/nix/store/n36qglbhcjaa70vz77gqkgv9znbjv3ma-nodejs-25.6.0-dev"
            },
            {
              "name": "libv8",
              "path": "/nix/store/1s644jkkd03nc75k4vkvcg5gnnz8gscf-nodejs-25.6.0-libv8"
            }
          ],
          "store_path": "/nix/store/ynv28gii2ajgbljvg86c2z8bqc6vbdi4-nodejs-25.6.0"
        },
        "x86_64-linux": {
          "outputs": [
            {
              "name": "out",
              "path": "/nix/store/x7mahrb2pll9cnzr495i0bvm3ga2n5a8-nodejs-25.6.0",
              "default": true
            },
            {
              "name": "dev",
              "path": "/nix/store/06dwppmr769vflfnpayy2y461qzfgm41-nodejs-25.6.0-dev"
            },
            {
              "name": "libv8",
              "path": "/nix/store/y4d13cm8giv6n6fw1406cwq1hgnhrx36-nodejs-25.6.0-libv8"
            }
          ],
          "store_path": "/nix/store/x7mahrb2pll9cnzr495i0bvm3ga2n5a8-nodejs-25.6.0"
        }
      }
    },
    "openvpn@latest": {
      "last_modified": "2026-01-23T17:20:52Z",
      "resolved": "github:NixOS/nixpkgs/a1bab9e494f5f4939442a57a58d0449a109593fe#openvpn",
      "source": "devbox-search",
      "version": "2.6.14",
      "systems": {
        "aarch64-darwin": {
          "outputs": [
            {
              "name": "out",
              "path": "/nix/store/3qkabgh4db0lav2ryp0zp3wrdrr8z8kx-openvpn-2.6.14",
              "default": true
            }
          ],
          "store_path": "/nix/store/3qkabgh4db0lav2ryp0zp3wrdrr8z8kx-openvpn-2.6.14"
        },
        "aarch64-linux": {
          "outputs": [
            {
              "name": "out",
              "path": "/nix/store/xbpm9l7prn3f2c8711dpf9yj3v71fvy7-openvpn-2.6.14",
              "default": true
            }
          ],
          "store_path": "/nix/store/xbpm9l7prn3f2c8711dpf9yj3v71fvy7-openvpn-2.6.14"
        },
        "x86_64-darwin": {
          "outputs": [
            {
              "name": "out",
              "path": "/nix/store/49ydxp502hg420wh3avm1fpvrn46859z-openvpn-2.6.14",
              "default": true
            }
          ],
          "store_path": "/nix/store/49ydxp502hg420wh3avm1fpvrn46859z-openvpn-2.6.14"
        },
        "x86_64-linux": {
          "outputs": [
            {
              "name": "out",
              "path": "/nix/store/9q46x1q4v7zzh8liqlndm9g48ccj50pr-openvpn-2.6.14",
              "default": true
            }
          ],
          "store_path": "/nix/store/9q46x1q4v7zzh8liqlndm9g48ccj50pr-openvpn-2.6.14"
        }
      }
    },
    "pandoc@latest": {
      "last_modified": "2026-01-23T17:20:52Z",
      "resolved": "github:NixOS/nixpkgs/a1bab9e494f5f4939442a57a58d0449a109593fe#pandoc",
      "source": "devbox-search",
      "version": "3.7.0.2",
      "systems": {
        "aarch64-darwin": {
          "outputs": [
            {
              "name": "out",
              "path": "/nix/store/zl0c039x03lxgm0x5iiqbyrdmspjn31x-pandoc-cli-3.7.0.2",
              "default": true
            }
          ],
          "store_path": "/nix/store/zl0c039x03lxgm0x5iiqbyrdmspjn31x-pandoc-cli-3.7.0.2"
        },
        "aarch64-linux": {
          "outputs": [
            {
              "name": "out",
              "path": "/nix/store/pwkxcz6vszw6d0qfj9r61s2wmqsnkjlp-pandoc-cli-3.7.0.2",
              "default": true
            }
          ],
          "store_path": "/nix/store/pwkxcz6vszw6d0qfj9r61s2wmqsnkjlp-pandoc-cli-3.7.0.2"
        },
        "x86_64-darwin": {
          "outputs": [
            {
              "name": "out",
              "path": "/nix/store/p6vi4ddd2gadhvsy268g3r0sq7yn2s5m-pandoc-cli-3.7.0.2",
              "default": true
            }
          ],
          "store_path": "/nix/store/p6vi4ddd2gadhvsy268g3r0sq7yn2s5m-pandoc-cli-3.7.0.2"
        },
        "x86_64-linux": {
          "outputs": [
            {
              "name": "out",
              "path": "/nix/store/bcw1ns9fhw1mfvkp6mm4hxkxl57gn4pc-pandoc-cli-3.7.0.2",
              "default": true
            }
          ],
          "store_path": "/nix/store/bcw1ns9fhw1mfvkp6mm4hxkxl57gn4pc-pandoc-cli-3.7.0.2"
        }
      }
    },
    "sheldon@latest": {
      "last_modified": "2026-01-30T02:32:49Z",
      "resolved": "github:NixOS/nixpkgs/6308c3b21396534d8aaeac46179c14c439a89b8a#sheldon",
      "source": "devbox-search",
      "version": "0.8.5",
      "systems": {
        "aarch64-darwin": {
          "outputs": [
            {
              "name": "out",
              "path": "/nix/store/vfq5d211khm1kwrhzl0jrfzl5svkkmwm-sheldon-0.8.5",
              "default": true
            }
          ],
          "store_path": "/nix/store/vfq5d211khm1kwrhzl0jrfzl5svkkmwm-sheldon-0.8.5"
        },
        "aarch64-linux": {
          "outputs": [
            {
              "name": "out",
              "path": "/nix/store/sgbv1iggc03vysckd9sybn8scrq23xig-sheldon-0.8.5",
              "default": true
            }
          ],
          "store_path": "/nix/store/sgbv1iggc03vysckd9sybn8scrq23xig-sheldon-0.8.5"
        },
        "x86_64-darwin": {
          "outputs": [
            {
              "name": "out",
              "path": "/nix/store/m1qcf1gwpphqbc3fjrs38b29ad0676p9-sheldon-0.8.5",
              "default": true
            }
          ],
          "store_path": "/nix/store/m1qcf1gwpphqbc3fjrs38b29ad0676p9-sheldon-0.8.5"
        },
        "x86_64-linux": {
          "outputs": [
            {
              "name": "out",
              "path": "/nix/store/lmd7rpj2jf03vlr9sd839f8b4hz34ki4-sheldon-0.8.5",
              "default": true
            }
          ],
          "store_path": "/nix/store/lmd7rpj2jf03vlr9sd839f8b4hz34ki4-sheldon-0.8.5"
        }
      }
    },
    "sqlite@latest": {
      "last_modified": "2026-02-06T12:24:04Z",
      "resolved": "github:NixOS/nixpkgs/ae67888ff7ef9dff69b3cf0cc0fbfbcd3a722abe#sqlite",
      "source": "devbox-search",
      "version": "3.51.2",
      "systems": {
        "aarch64-darwin": {
          "outputs": [
            {
              "name": "bin",
              "path": "/nix/store/25h87i04f812ydbmkx2fsbfk3h6ahvkq-sqlite-3.51.2-bin",
              "default": true
            },
            {
              "name": "man",
              "path": "/nix/store/ga13w56hr55angkn8sd7d42j04hb44ly-sqlite-3.51.2-man",
              "default": true
            },
            {
              "name": "dev",
              "path": "/nix/store/bd2pljz7hw0iygf9rxgqq28p4i6snl12-sqlite-3.51.2-dev"
            },
            {
              "name": "doc",
              "path": "/nix/store/kxa6w751kzbjxmp1f4kqkycn8p0790pp-sqlite-3.51.2-doc"
            },
            {
              "name": "out",
              "path": "/nix/store/dzj2h6c2kb3hizbk2w5r45kjk57mxxkh-sqlite-3.51.2"
            }
          ],
          "store_path": "/nix/store/25h87i04f812ydbmkx2fsbfk3h6ahvkq-sqlite-3.51.2-bin"
        },
        "aarch64-linux": {
          "outputs": [
            {
              "name": "bin",
              "path": "/nix/store/1bi4xrs6jbpqwaykj4w0slfpfb0253vs-sqlite-3.51.2-bin",
              "default": true
            },
            {
              "name": "man",
              "path": "/nix/store/7bsd9hcr21w4mshkxcp9h7zddkc1ss3c-sqlite-3.51.2-man",
              "default": true
            },
            {
              "name": "debug",
              "path": "/nix/store/ndrjv00qqj6cpb61mr6p1crd7hpkspxc-sqlite-3.51.2-debug"
            },
            {
              "name": "dev",
              "path": "/nix/store/dx1imkvdvkr03im68b57ma9plwbgyav3-sqlite-3.51.2-dev"
            },
            {
              "name": "doc",
              "path": "/nix/store/99mz6yhf35z64vfz0fmz10kd6105b5sr-sqlite-3.51.2-doc"
            },
            {
              "name": "out",
              "path": "/nix/store/mcwq5pax85mbpic10kzl03h0j6wqdr50-sqlite-3.51.2"
            }
          ],
          "store_path": "/nix/store/1bi4xrs6jbpqwaykj4w0slfpfb0253vs-sqlite-3.51.2-bin"
        },
        "x86_64-darwin": {
          "outputs": [
            {
              "name": "bin",
              "path": "/nix/store/kq48w155fqa4zryz8gxllfjhjwqfx2lj-sqlite-3.51.2-bin",
              "default": true
            },
            {
              "name": "man",
              "path": "/nix/store/2pcbkvyq1v51imf3m36yjsmq6nsa45ya-sqlite-3.51.2-man",
              "default": true
            },
            {
              "name": "doc",
              "path": "/nix/store/flxpy3hknw99hpvks972qb7a5bjb4qc3-sqlite-3.51.2-doc"
            },
            {
              "name": "out",
              "path": "/nix/store/s2yjnam2n2chcflj2b4ihp231l3v32iz-sqlite-3.51.2"
            },
            {
              "name": "dev",
              "path": "/nix/store/j5j0nsdspwxbdbkz9aphphilg2js9ay9-sqlite-3.51.2-dev"
            }
          ],
          "store_path": "/nix/store/kq48w155fqa4zryz8gxllfjhjwqfx2lj-sqlite-3.51.2-bin"
        },
        "x86_64-linux": {
          "outputs": [
            {
              "name": "bin",
              "path": "/nix/store/ryc68h6m05msqkf2wqm306cwrvx2fqr2-sqlite-3.51.2-bin",
              "default": true
            },
            {
              "name": "man",
              "path": "/nix/store/3lg4rpp0ygbzfan62jn6smmyy6k2mhsf-sqlite-3.51.2-man",
              "default": true
            },
            {
              "name": "out",
              "path": "/nix/store/bn7m7qn8k7b27jy5lkq3bg4vcxnyjpq0-sqlite-3.51.2"
            },
            {
              "name": "debug",
              "path": "/nix/store/p99lmc4ss85q9gnr4dq3w30jm8c0yql6-sqlite-3.51.2-debug"
            },
            {
              "name": "dev",
              "path": "/nix/store/6k6dpcdv1bxcipcgdbi89g9fxws0vhvc-sqlite-3.51.2-dev"
            },
            {
              "name": "doc",
              "path": "/nix/store/nhy8izfz9fp3i1dsg5vq8f2cx0p02kkl-sqlite-3.51.2-doc"
            }
          ],
          "store_path": "/nix/store/ryc68h6m05msqkf2wqm306cwrvx2fqr2-sqlite-3.51.2-bin"
        }
      }
    },
    "starship@latest": {
      "last_modified": "2026-01-23T17:20:52Z",
      "resolved": "github:NixOS/nixpkgs/a1bab9e494f5f4939442a57a58d0449a109593fe#starship",
      "source": "devbox-search",
      "version": "1.24.2",
      "systems": {
        "aarch64-darwin": {
          "outputs": [
            {
              "name": "out",
              "path": "/nix/store/602d77lalcmm01xr29ahlhlz68z1ysvz-starship-1.24.2",
              "default": true
            }
          ],
          "store_path": "/nix/store/602d77lalcmm01xr29ahlhlz68z1ysvz-starship-1.24.2"
        },
        "aarch64-linux": {
          "outputs": [
            {
              "name": "out",
              "path": "/nix/store/b2my55ai8xxm9wlxmrhqr211dv0rkl22-starship-1.24.2",
              "default": true
            }
          ],
          "store_path": "/nix/store/b2my55ai8xxm9wlxmrhqr211dv0rkl22-starship-1.24.2"
        },
        "x86_64-darwin": {
          "outputs": [
            {
              "name": "out",
              "path": "/nix/store/5h9sjh2hiw5giffwgijvm03dc46rlyxj-starship-1.24.2",
              "default": true
            }
          ],
          "store_path": "/nix/store/5h9sjh2hiw5giffwgijvm03dc46rlyxj-starship-1.24.2"
        },
        "x86_64-linux": {
          "outputs": [
            {
              "name": "out",
              "path": "/nix/store/j0aj06b2hf0jxppgjfxq7x8mlk9mlkpn-starship-1.24.2",
              "default": true
            }
          ],
          "store_path": "/nix/store/j0aj06b2hf0jxppgjfxq7x8mlk9mlkpn-starship-1.24.2"
        }
      }
    },
    "stow@latest": {
      "last_modified": "2026-01-23T17:20:52Z",
      "resolved": "github:NixOS/nixpkgs/a1bab9e494f5f4939442a57a58d0449a109593fe#stow",
      "source": "devbox-search",
      "version": "2.4.1",
      "systems": {
        "aarch64-darwin": {
          "outputs": [
            {
              "name": "out",
              "path": "/nix/store/z16xbawd8j3n41lh5hbnjys35kjjh8wy-stow-2.4.1",
              "default": true
            }
          ],
          "store_path": "/nix/store/z16xbawd8j3n41lh5hbnjys35kjjh8wy-stow-2.4.1"
        },
        "aarch64-linux": {
          "outputs": [
            {
              "name": "out",
              "path": "/nix/store/wvi3ck5b0px1sbwd8r219mxp9g0h5rf3-stow-2.4.1",
              "default": true
            }
          ],
          "store_path": "/nix/store/wvi3ck5b0px1sbwd8r219mxp9g0h5rf3-stow-2.4.1"
        },
        "x86_64-darwin": {
          "outputs": [
            {
              "name": "out",
              "path": "/nix/store/r7l1kpqwpssvl67r73i8qbdgw8yfsn4n-stow-2.4.1",
              "default": true
            }
          ],
          "store_path": "/nix/store/r7l1kpqwpssvl67r73i8qbdgw8yfsn4n-stow-2.4.1"
        },
        "x86_64-linux": {
          "outputs": [
            {
              "name": "out",
              "path": "/nix/store/aigd5ai8d4a0frr73b7f9lrph3s2hpv0-stow-2.4.1",
              "default": true
            }
          ],
          "store_path": "/nix/store/aigd5ai8d4a0frr73b7f9lrph3s2hpv0-stow-2.4.1"
        }
      }
    },
    "tailscale@latest": {
      "last_modified": "2026-01-30T02:32:49Z",
      "resolved": "github:NixOS/nixpkgs/6308c3b21396534d8aaeac46179c14c439a89b8a#tailscale",
      "source": "devbox-search",
      "version": "1.94.1",
      "systems": {
        "aarch64-darwin": {
          "outputs": [
            {
              "name": "out",
              "path": "/nix/store/dvnm6hdsms3vyj65rbk0w8lw053l3crq-tailscale-1.94.1",
              "default": true
            },
            {
              "name": "derper",
              "path": "/nix/store/g2fkcfcmzlxsdy3lj1hwbqxqb75l5j18-tailscale-1.94.1-derper"
            }
          ],
          "store_path": "/nix/store/dvnm6hdsms3vyj65rbk0w8lw053l3crq-tailscale-1.94.1"
        },
        "aarch64-linux": {
          "outputs": [
            {
              "name": "out",
              "path": "/nix/store/3nz6f83akzwsxxr2kmxy4qphdapmjcww-tailscale-1.94.1",
              "default": true
            },
            {
              "name": "derper",
              "path": "/nix/store/4g3vkzg6avrkrl4xx9ad0hv520ik14pi-tailscale-1.94.1-derper"
            }
          ],
          "store_path": "/nix/store/3nz6f83akzwsxxr2kmxy4qphdapmjcww-tailscale-1.94.1"
        },
        "x86_64-darwin": {
          "outputs": [
            {
              "name": "out",
              "path": "/nix/store/75nc3xp3iijsrdlp43i6pwd23jjalml7-tailscale-1.94.1",
              "default": true
            },
            {
              "name": "derper",
              "path": "/nix/store/6v6a13mw9gd4abrcccz722xgrx0h184g-tailscale-1.94.1-derper"
            }
          ],
          "store_path": "/nix/store/75nc3xp3iijsrdlp43i6pwd23jjalml7-tailscale-1.94.1"
        },
        "x86_64-linux": {
          "outputs": [
            {
              "name": "out",
              "path": "/nix/store/agp7zxys3l9mhxak51rgyccwyq45a746-tailscale-1.94.1",
              "default": true
            },
            {
              "name": "derper",
              "path": "/nix/store/jii42d97c2rrlhrwb1skb7rhkz5sahdv-tailscale-1.94.1-derper"
            }
          ],
          "store_path": "/nix/store/agp7zxys3l9mhxak51rgyccwyq45a746-tailscale-1.94.1"
        }
      }
    },
    "vim@latest": {
      "last_modified": "2026-01-23T17:20:52Z",
      "resolved": "github:NixOS/nixpkgs/a1bab9e494f5f4939442a57a58d0449a109593fe#vim",
      "source": "devbox-search",
      "version": "9.1.2035",
      "systems": {
        "aarch64-darwin": {
          "outputs": [
            {
              "name": "out",
              "path": "/nix/store/bvzx6ygl64qidpmqrzza2gsqhy22zmmb-vim-9.1.2035",
              "default": true
            },
            {
              "name": "xxd",
              "path": "/nix/store/qah763hndmx3dxrjkfab2jvq90p4xr9n-vim-9.1.2035-xxd",
              "default": true
            }
          ],
          "store_path": "/nix/store/bvzx6ygl64qidpmqrzza2gsqhy22zmmb-vim-9.1.2035"
        },
        "aarch64-linux": {
          "outputs": [
            {
              "name": "out",
              "path": "/nix/store/4vpqdcmd2f1hakwqhlvc5m4qdvffi8qs-vim-9.1.2035",
              "default": true
            },
            {
              "name": "xxd",
              "path": "/nix/store/l65z34n835bb5pc1q3y2f2bcy0bw1wkg-vim-9.1.2035-xxd",
              "default": true
            }
          ],
          "store_path": "/nix/store/4vpqdcmd2f1hakwqhlvc5m4qdvffi8qs-vim-9.1.2035"
        },
        "x86_64-darwin": {
          "outputs": [
            {
              "name": "out",
              "path": "/nix/store/98g97svfsxa9szn9g2if3kxj6jrp72py-vim-9.1.2035",
              "default": true
            },
            {
              "name": "xxd",
              "path": "/nix/store/7pmfc59yaqamf3r5cjd7l6xcjf31r92x-vim-9.1.2035-xxd",
              "default": true
            }
          ],
          "store_path": "/nix/store/98g97svfsxa9szn9g2if3kxj6jrp72py-vim-9.1.2035"
        },
        "x86_64-linux": {
          "outputs": [
            {
              "name": "out",
              "path": "/nix/store/nmhy0dg2kq68pjz1z4r5c0fp6nr9sqag-vim-9.1.2035",
              "default": true
            },
            {
              "name": "xxd",
              "path": "/nix/store/g8lb30sfc02i9xmsranhsrg1c5fgwild-vim-9.1.2035-xxd",
              "default": true
            }
          ],
          "store_path": "/nix/store/nmhy0dg2kq68pjz1z4r5c0fp6nr9sqag-vim-9.1.2035"
        }
      }
    },
    "xclip@latest": {
      "last_modified": "2026-01-23T17:20:52Z",
      "resolved": "github:NixOS/nixpkgs/a1bab9e494f5f4939442a57a58d0449a109593fe#xclip",
      "source": "devbox-search",
      "version": "0.13",
      "systems": {
        "aarch64-darwin": {
          "outputs": [
            {
              "name": "out",
              "path": "/nix/store/498npyd3hkkdx49wsn0szg9v1nvjbnvr-xclip-0.13",
              "default": true
            }
          ],
          "store_path": "/nix/store/498npyd3hkkdx49wsn0szg9v1nvjbnvr-xclip-0.13"
        },
        "aarch64-linux": {
          "outputs": [
            {
              "name": "out",
              "path": "/nix/store/7g8y8j7gdwl230la24352wksf2hw3m0g-xclip-0.13",
              "default": true
            }
          ],
          "store_path": "/nix/store/7g8y8j7gdwl230la24352wksf2hw3m0g-xclip-0.13"
        },
        "x86_64-darwin": {
          "outputs": [
            {
              "name": "out",
              "path": "/nix/store/aqz7dm8cqsp35vkd34qf6q0wll5hz5zp-xclip-0.13",
              "default": true
            }
          ],
          "store_path": "/nix/store/aqz7dm8cqsp35vkd34qf6q0wll5hz5zp-xclip-0.13"
        },
        "x86_64-linux": {
          "outputs": [
            {
              "name": "out",
              "path": "/nix/store/vnwj8v01n17baqmzyhq6560si8fvxxfy-xclip-0.13",
              "default": true
            }
          ],
          "store_path": "/nix/store/vnwj8v01n17baqmzyhq6560si8fvxxfy-xclip-0.13"
        }
      }
    },
    "zenity@latest": {
      "last_modified": "2026-01-23T17:20:52Z",
      "resolved": "github:NixOS/nixpkgs/a1bab9e494f5f4939442a57a58d0449a109593fe#zenity",
      "source": "devbox-search",
      "version": "4.2.1",
      "systems": {
        "aarch64-darwin": {
          "outputs": [
            {
              "name": "out",
              "path": "/nix/store/cfq2dq33n4b2jhsbfaba4cffx685rvpq-zenity-4.2.1",
              "default": true
            }
          ],
          "store_path": "/nix/store/cfq2dq33n4b2jhsbfaba4cffx685rvpq-zenity-4.2.1"
        },
        "aarch64-linux": {
          "outputs": [
            {
              "name": "out",
              "path": "/nix/store/sqvr67w8501mgn4xjc6k6fikw84vwr0d-zenity-4.2.1",
              "default": true
            }
          ],
          "store_path": "/nix/store/sqvr67w8501mgn4xjc6k6fikw84vwr0d-zenity-4.2.1"
        },
        "x86_64-darwin": {
          "outputs": [
            {
              "name": "out",
              "path": "/nix/store/gcw863xkhmc2xzcqy5s6vgb1k0mcx2sd-zenity-4.2.1",
              "default": true
            }
          ],
          "store_path": "/nix/store/gcw863xkhmc2xzcqy5s6vgb1k0mcx2sd-zenity-4.2.1"
        },
        "x86_64-linux": {
          "outputs": [
            {
              "name": "out",
              "path": "/nix/store/lwkssj4ylgsjc9sgh5nd7jzaczgd7xmf-zenity-4.2.1",
              "default": true
            }
          ],
          "store_path": "/nix/store/lwkssj4ylgsjc9sgh5nd7jzaczgd7xmf-zenity-4.2.1"
        }
      }
    },
    "zoxide@latest": {
      "last_modified": "2026-02-01T05:13:08Z",
      "resolved": "github:NixOS/nixpkgs/207d15f1a6603226e1e223dc79ac29c7846da32e#zoxide",
      "source": "devbox-search",
      "version": "0.9.9",
      "systems": {
        "aarch64-darwin": {
          "outputs": [
            {
              "name": "out",
              "path": "/nix/store/vbk5nn0071d1mgd7y0ccr8cizch0yrpb-zoxide-0.9.9",
              "default": true
            }
          ],
          "store_path": "/nix/store/vbk5nn0071d1mgd7y0ccr8cizch0yrpb-zoxide-0.9.9"
        },
        "aarch64-linux": {
          "outputs": [
            {
              "name": "out",
              "path": "/nix/store/vz9lm8dr9lpnw5ly441lv09nl8n3ksff-zoxide-0.9.9",
              "default": true
            }
          ],
          "store_path": "/nix/store/vz9lm8dr9lpnw5ly441lv09nl8n3ksff-zoxide-0.9.9"
        },
        "x86_64-darwin": {
          "outputs": [
            {
              "name": "out",
              "path": "/nix/store/qhlys7dwr4q9gbrgqvf2xjjgkkca9qwb-zoxide-0.9.9",
              "default": true
            }
          ],
          "store_path": "/nix/store/qhlys7dwr4q9gbrgqvf2xjjgkkca9qwb-zoxide-0.9.9"
        },
        "x86_64-linux": {
          "outputs": [
            {
              "name": "out",
              "path": "/nix/store/nrfxnpgn8m6cvcgsdwhix7pd8z27vd7w-zoxide-0.9.9",
              "default": true
            }
          ],
          "store_path": "/nix/store/nrfxnpgn8m6cvcgsdwhix7pd8z27vd7w-zoxide-0.9.9"
        }
      }
    },
    "zsh@latest": {
      "last_modified": "2026-02-02T23:09:17Z",
      "resolved": "github:NixOS/nixpkgs/47472570b1e607482890801aeaf29bfb749884f6#zsh",
      "source": "devbox-search",
      "version": "5.9",
      "systems": {
        "aarch64-darwin": {
          "outputs": [
            {
              "name": "out",
              "path": "/nix/store/lrlls6c62cfix6mvgkrm2x4pyps53cb5-zsh-5.9",
              "default": true
            },
            {
              "name": "man",
              "path": "/nix/store/b1hzggqbksv14yiy2gnan633l0k2k8h1-zsh-5.9-man",
              "default": true
            },
            {
              "name": "doc",
              "path": "/nix/store/criymylnvn8zxfcshkpjz9j633qlgvdd-zsh-5.9-doc"
            },
            {
              "name": "info",
              "path": "/nix/store/a1n0dij59rb2z880vs2kckf90ym1w5s1-zsh-5.9-info"
            }
          ],
          "store_path": "/nix/store/lrlls6c62cfix6mvgkrm2x4pyps53cb5-zsh-5.9"
        },
        "aarch64-linux": {
          "outputs": [
            {
              "name": "out",
              "path": "/nix/store/98gj6hydnxv9mhv8mq8kzwjnv4303gmc-zsh-5.9",
              "default": true
            },
            {
              "name": "man",
              "path": "/nix/store/lsf8s1nbkbximskyi3pgirpz3jpfkbsi-zsh-5.9-man",
              "default": true
            },
            {
              "name": "doc",
              "path": "/nix/store/snc5dvsl7yp47z182lzaaiki5wpb4zn2-zsh-5.9-doc"
            },
            {
              "name": "info",
              "path": "/nix/store/l2zi2sy0sya9d4v12k45dz1xiw4wijvf-zsh-5.9-info"
            }
          ],
          "store_path": "/nix/store/98gj6hydnxv9mhv8mq8kzwjnv4303gmc-zsh-5.9"
        },
        "x86_64-darwin": {
          "outputs": [
            {
              "name": "out",
              "path": "/nix/store/grlbdzbww4rayws65bkc0lvhq9h14s93-zsh-5.9",
              "default": true
            },
            {
              "name": "man",
              "path": "/nix/store/glpqd4warnilkrf02djkx7pg7g8f9swx-zsh-5.9-man",
              "default": true
            },
            {
              "name": "info",
              "path": "/nix/store/pca33wv8mhzgwvsfh3qrs7z0z7hd9qdg-zsh-5.9-info"
            },
            {
              "name": "doc",
              "path": "/nix/store/p1fd5inci4q9ricvwxgnfxfv06jafd9w-zsh-5.9-doc"
            }
          ],
          "store_path": "/nix/store/grlbdzbww4rayws65bkc0lvhq9h14s93-zsh-5.9"
        },
        "x86_64-linux": {
          "outputs": [
            {
              "name": "out",
              "path": "/nix/store/ghzs95qyvdr92d45xx52vfa778qhw908-zsh-5.9",
              "default": true
            },
            {
              "name": "man",
              "path": "/nix/store/csi9z3npdq5wmjffqhh2zmfqmw5x53m1-zsh-5.9-man",
              "default": true
            },
            {
              "name": "doc",
              "path": "/nix/store/p1zfb9clqx3gify3c3sxw74srcw02mal-zsh-5.9-doc"
            },
            {
              "name": "info",
              "path": "/nix/store/szplbyp0kldwdwka1qnjvhhx2scv02xc-zsh-5.9-info"
            }
          ],
          "store_path": "/nix/store/ghzs95qyvdr92d45xx52vfa778qhw908-zsh-5.9"
        }
      }
    }
  }
}
